// !$*UTF8*$!
{
	archiveVersion = 1;
	classes = {
	};
	objectVersion = 56;
	objects = {

/* Begin PBXBuildFile section */
		D167D2652A5C8C62001235DE /* AppDelegate.swift in Sources */ = {isa = PBXBuildFile; fileRef = D167D2642A5C8C62001235DE /* AppDelegate.swift */; };
		D167D2672A5C8C62001235DE /* SceneDelegate.swift in Sources */ = {isa = PBXBuildFile; fileRef = D167D2662A5C8C62001235DE /* SceneDelegate.swift */; };
		D167D26C2A5C8C62001235DE /* Main.storyboard in Resources */ = {isa = PBXBuildFile; fileRef = D167D26A2A5C8C62001235DE /* Main.storyboard */; };
		D167D26E2A5C8C64001235DE /* Assets.xcassets in Resources */ = {isa = PBXBuildFile; fileRef = D167D26D2A5C8C64001235DE /* Assets.xcassets */; };
		D167D2712A5C8C64001235DE /* LaunchScreen.storyboard in Resources */ = {isa = PBXBuildFile; fileRef = D167D26F2A5C8C64001235DE /* LaunchScreen.storyboard */; };
		D1F578262A62D6550021D99E /* MainViewController.swift in Sources */ = {isa = PBXBuildFile; fileRef = D1F578252A62D6550021D99E /* MainViewController.swift */; };
		D1F578282A6305FE0021D99E /* CustomTableViewCell.swift in Sources */ = {isa = PBXBuildFile; fileRef = D1F578272A6305FE0021D99E /* CustomTableViewCell.swift */; };
		D1F5782B2A6314570021D99E /* CatModel.swift in Sources */ = {isa = PBXBuildFile; fileRef = D1F5782A2A6314570021D99E /* CatModel.swift */; };
		D1F5782D2A64133E0021D99E /* NewCatTableViewController.swift in Sources */ = {isa = PBXBuildFile; fileRef = D1F5782C2A64133E0021D99E /* NewCatTableViewController.swift */; };
/* End PBXBuildFile section */

/* Begin PBXFileReference section */
		D167D2612A5C8C62001235DE /* tableViewTraining.app */ = {isa = PBXFileReference; explicitFileType = wrapper.application; includeInIndex = 0; path = tableViewTraining.app; sourceTree = BUILT_PRODUCTS_DIR; };
		D167D2642A5C8C62001235DE /* AppDelegate.swift */ = {isa = PBXFileReference; lastKnownFileType = sourcecode.swift; path = AppDelegate.swift; sourceTree = "<group>"; };
		D167D2662A5C8C62001235DE /* SceneDelegate.swift */ = {isa = PBXFileReference; lastKnownFileType = sourcecode.swift; path = SceneDelegate.swift; sourceTree = "<group>"; };
		D167D26B2A5C8C62001235DE /* Base */ = {isa = PBXFileReference; lastKnownFileType = file.storyboard; name = Base; path = Base.lproj/Main.storyboard; sourceTree = "<group>"; };
		D167D26D2A5C8C64001235DE /* Assets.xcassets */ = {isa = PBXFileReference; lastKnownFileType = folder.assetcatalog; path = Assets.xcassets; sourceTree = "<group>"; };
		D167D2702A5C8C64001235DE /* Base */ = {isa = PBXFileReference; lastKnownFileType = file.storyboard; name = Base; path = Base.lproj/LaunchScreen.storyboard; sourceTree = "<group>"; };
		D167D2722A5C8C64001235DE /* Info.plist */ = {isa = PBXFileReference; lastKnownFileType = text.plist.xml; path = Info.plist; sourceTree = "<group>"; };
		D1F578252A62D6550021D99E /* MainViewController.swift */ = {isa = PBXFileReference; lastKnownFileType = sourcecode.swift; path = MainViewController.swift; sourceTree = "<group>"; };
		D1F578272A6305FE0021D99E /* CustomTableViewCell.swift */ = {isa = PBXFileReference; lastKnownFileType = sourcecode.swift; path = CustomTableViewCell.swift; sourceTree = "<group>"; };
		D1F5782A2A6314570021D99E /* CatModel.swift */ = {isa = PBXFileReference; lastKnownFileType = sourcecode.swift; path = CatModel.swift; sourceTree = "<group>"; };
		D1F5782C2A64133E0021D99E /* NewCatTableViewController.swift */ = {isa = PBXFileReference; lastKnownFileType = sourcecode.swift; path = NewCatTableViewController.swift; sourceTree = "<group>"; };
/* End PBXFileReference section */

/* Begin PBXFrameworksBuildPhase section */
		D167D25E2A5C8C62001235DE /* Frameworks */ = {
			isa = PBXFrameworksBuildPhase;
			buildActionMask = 2147483647;
			files = (
			);
			runOnlyForDeploymentPostprocessing = 0;
		};
/* End PBXFrameworksBuildPhase section */

/* Begin PBXGroup section */
		D167D2582A5C8C62001235DE = {
			isa = PBXGroup;
			children = (
				D167D2632A5C8C62001235DE /* tableViewTraining */,
				D167D2622A5C8C62001235DE /* Products */,
			);
			sourceTree = "<group>";
		};
		D167D2622A5C8C62001235DE /* Products */ = {
			isa = PBXGroup;
			children = (
				D167D2612A5C8C62001235DE /* tableViewTraining.app */,
			);
			name = Products;
			sourceTree = "<group>";
		};
		D167D2632A5C8C62001235DE /* tableViewTraining */ = {
			isa = PBXGroup;
			children = (
				D1F578292A63143A0021D99E /* Supporting Files */,
				D1F578252A62D6550021D99E /* MainViewController.swift */,
				D1F5782A2A6314570021D99E /* CatModel.swift */,
				D1F5782C2A64133E0021D99E /* NewCatTableViewController.swift */,
				D1F578272A6305FE0021D99E /* CustomTableViewCell.swift */,
				D167D26A2A5C8C62001235DE /* Main.storyboard */,
				D167D26D2A5C8C64001235DE /* Assets.xcassets */,
				D167D26F2A5C8C64001235DE /* LaunchScreen.storyboard */,
			);
			path = tableViewTraining;
			sourceTree = "<group>";
		};
		D1F578292A63143A0021D99E /* Supporting Files */ = {
			isa = PBXGroup;
			children = (
				D167D2642A5C8C62001235DE /* AppDelegate.swift */,
				D167D2662A5C8C62001235DE /* SceneDelegate.swift */,
				D167D2722A5C8C64001235DE /* Info.plist */,
			);
			path = "Supporting Files";
			sourceTree = "<group>";
		};
/* End PBXGroup section */

/* Begin PBXNativeTarget section */
		D167D2602A5C8C62001235DE /* tableViewTraining */ = {
			isa = PBXNativeTarget;
			buildConfigurationList = D167D2752A5C8C64001235DE /* Build configuration list for PBXNativeTarget "tableViewTraining" */;
			buildPhases = (
				D167D25D2A5C8C62001235DE /* Sources */,
				D167D25E2A5C8C62001235DE /* Frameworks */,
				D167D25F2A5C8C62001235DE /* Resources */,
			);
			buildRules = (
			);
			dependencies = (
			);
			name = tableViewTraining;
			productName = tableViewTraining;
			productReference = D167D2612A5C8C62001235DE /* tableViewTraining.app */;
			productType = "com.apple.product-type.application";
		};
/* End PBXNativeTarget section */

/* Begin PBXProject section */
		D167D2592A5C8C62001235DE /* Project object */ = {
			isa = PBXProject;
			attributes = {
				BuildIndependentTargetsInParallel = 1;
				LastSwiftUpdateCheck = 1430;
				LastUpgradeCheck = 1430;
				TargetAttributes = {
					D167D2602A5C8C62001235DE = {
						CreatedOnToolsVersion = 14.3.1;
					};
				};
			};
			buildConfigurationList = D167D25C2A5C8C62001235DE /* Build configuration list for PBXProject "tableViewTraining" */;
			compatibilityVersion = "Xcode 14.0";
			developmentRegion = en;
			hasScannedForEncodings = 0;
			knownRegions = (
				en,
				Base,
			);
			mainGroup = D167D2582A5C8C62001235DE;
			productRefGroup = D167D2622A5C8C62001235DE /* Products */;
			projectDirPath = "";
			projectRoot = "";
			targets = (
				D167D2602A5C8C62001235DE /* tableViewTraining */,
			);
		};
/* End PBXProject section */

/* Begin PBXResourcesBuildPhase section */
		D167D25F2A5C8C62001235DE /* Resources */ = {
			isa = PBXResourcesBuildPhase;
			buildActionMask = 2147483647;
			files = (
				D167D2712A5C8C64001235DE /* LaunchScreen.storyboard in Resources */,
				D167D26E2A5C8C64001235DE /* Assets.xcassets in Resources */,
				D167D26C2A5C8C62001235DE /* Main.storyboard in Resources */,
			);
			runOnlyForDeploymentPostprocessing = 0;
		};
/* End PBXResourcesBuildPhase section */

/* Begin PBXSourcesBuildPhase section */
		D167D25D2A5C8C62001235DE /* Sources */ = {
			isa = PBXSourcesBuildPhase;
			buildActionMask = 2147483647;
			files = (
				D167D2652A5C8C62001235DE /* AppDelegate.swift in Sources */,
				D167D2672A5C8C62001235DE /* SceneDelegate.swift in Sources */,
				D1F578282A6305FE0021D99E /* CustomTableViewCell.swift in Sources */,
				D1F5782B2A6314570021D99E /* CatModel.swift in Sources */,
				D1F578262A62D6550021D99E /* MainViewController.swift in Sources */,
				D1F5782D2A64133E0021D99E /* NewCatTableViewController.swift in Sources */,
			);
			runOnlyForDeploymentPostprocessing = 0;
		};
/* End PBXSourcesBuildPhase section */

/* Begin PBXVariantGroup section */
		D167D26A2A5C8C62001235DE /* Main.storyboard */ = {
			isa = PBXVariantGroup;
			children = (
				D167D26B2A5C8C62001235DE /* Base */,
			);
			name = Main.storyboard;
			sourceTree = "<group>";
		};
		D167D26F2A5C8C64001235DE /* LaunchScreen.storyboard */ = {
			isa = PBXVariantGroup;
			children = (
				D167D2702A5C8C64001235DE /* Base */,
			);
			name = LaunchScreen.storyboard;
			sourceTree = "<group>";
		};
/* End PBXVariantGroup section */

/* Begin XCBuildConfiguration section */
		D167D2732A5C8C64001235DE /* Debug */ = {
			isa = XCBuildConfiguration;
			buildSettings = {
				ALWAYS_SEARCH_USER_PATHS = NO;
				CLANG_ANALYZER_NONNULL = YES;
				CLANG_ANALYZER_NUMBER_OBJECT_CONVERSION = YES_AGGRESSIVE;
				CLANG_CXX_LANGUAGE_STANDARD = "gnu++20";
				CLANG_ENABLE_MODULES = YES;
				CLANG_ENABLE_OBJC_ARC = YES;
				CLANG_ENABLE_OBJC_WEAK = YES;
				CLANG_WARN_BLOCK_CAPTURE_AUTORELEASING = YES;
				CLANG_WARN_BOOL_CONVERSION = YES;
				CLANG_WARN_COMMA = YES;
				CLANG_WARN_CONSTANT_CONVERSION = YES;
				CLANG_WARN_DEPRECATED_OBJC_IMPLEMENTATIONS = YES;
				CLANG_WARN_DIRECT_OBJC_ISA_USAGE = YES_ERROR;
				CLANG_WARN_DOCUMENTATION_COMMENTS = YES;
				CLANG_WARN_EMPTY_BODY = YES;
				CLANG_WARN_ENUM_CONVERSION = YES;
				CLANG_WARN_INFINITE_RECURSION = YES;
				CLANG_WARN_INT_CONVERSION = YES;
				CLANG_WARN_NON_LITERAL_NULL_CONVERSION = YES;
				CLANG_WARN_OBJC_IMPLICIT_RETAIN_SELF = YES;
				CLANG_WARN_OBJC_LITERAL_CONVERSION = YES;
				CLANG_WARN_OBJC_ROOT_CLASS = YES_ERROR;
				CLANG_WARN_QUOTED_INCLUDE_IN_FRAMEWORK_HEADER = YES;
				CLANG_WARN_RANGE_LOOP_ANALYSIS = YES;
				CLANG_WARN_STRICT_PROTOTYPES = YES;
				CLANG_WARN_SUSPICIOUS_MOVE = YES;
				CLANG_WARN_UNGUARDED_AVAILABILITY = YES_AGGRESSIVE;
				CLANG_WARN_UNREACHABLE_CODE = YES;
				CLANG_WARN__DUPLICATE_METHOD_MATCH = YES;
				COPY_PHASE_STRIP = NO;
				DEBUG_INFORMATION_FORMAT = dwarf;
				ENABLE_STRICT_OBJC_MSGSEND = YES;
				ENABLE_TESTABILITY = YES;
				GCC_C_LANGUAGE_STANDARD = gnu11;
				GCC_DYNAMIC_NO_PIC = NO;
				GCC_NO_COMMON_BLOCKS = YES;
				GCC_OPTIMIZATION_LEVEL = 0;
				GCC_PREPROCESSOR_DEFINITIONS = (
					"DEBUG=1",
					"$(inherited)",
				);
				GCC_WARN_64_TO_32_BIT_CONVERSION = YES;
				GCC_WARN_ABOUT_RETURN_TYPE = YES_ERROR;
				GCC_WARN_UNDECLARED_SELECTOR = YES;
				GCC_WARN_UNINITIALIZED_AUTOS = YES_AGGRESSIVE;
				GCC_WARN_UNUSED_FUNCTION = YES;
				GCC_WARN_UNUSED_VARIABLE = YES;
				IPHONEOS_DEPLOYMENT_TARGET = 16.4;
				MTL_ENABLE_DEBUG_INFO = INCLUDE_SOURCE;
				MTL_FAST_MATH = YES;
				ONLY_ACTIVE_ARCH = YES;
				SDKROOT = iphoneos;
				SWIFT_ACTIVE_COMPILATION_CONDITIONS = DEBUG;
				SWIFT_OPTIMIZATION_LEVEL = "-Onone";
			};
			name = Debug;
		};
		D167D2742A5C8C64001235DE /* Release */ = {
			isa = XCBuildConfiguration;
			buildSettings = {
				ALWAYS_SEARCH_USER_PATHS = NO;
				CLANG_ANALYZER_NONNULL = YES;
				CLANG_ANALYZER_NUMBER_OBJECT_CONVERSION = YES_AGGRESSIVE;
				CLANG_CXX_LANGUAGE_STANDARD = "gnu++20";
				CLANG_ENABLE_MODULES = YES;
				CLANG_ENABLE_OBJC_ARC = YES;
				CLANG_ENABLE_OBJC_WEAK = YES;
				CLANG_WARN_BLOCK_CAPTURE_AUTORELEASING = YES;
				CLANG_WARN_BOOL_CONVERSION = YES;
				CLANG_WARN_COMMA = YES;
				CLANG_WARN_CONSTANT_CONVERSION = YES;
				CLANG_WARN_DEPRECATED_OBJC_IMPLEMENTATIONS = YES;
				CLANG_WARN_DIRECT_OBJC_ISA_USAGE = YES_ERROR;
				CLANG_WARN_DOCUMENTATION_COMMENTS = YES;
				CLANG_WARN_EMPTY_BODY = YES;
				CLANG_WARN_ENUM_CONVERSION = YES;
				CLANG_WARN_INFINITE_RECURSION = YES;
				CLANG_WARN_INT_CONVERSION = YES;
				CLANG_WARN_NON_LITERAL_NULL_CONVERSION = YES;
				CLANG_WARN_OBJC_IMPLICIT_RETAIN_SELF = YES;
				CLANG_WARN_OBJC_LITERAL_CONVERSION = YES;
				CLANG_WARN_OBJC_ROOT_CLASS = YES_ERROR;
				CLANG_WARN_QUOTED_INCLUDE_IN_FRAMEWORK_HEADER = YES;
				CLANG_WARN_RANGE_LOOP_ANALYSIS = YES;
				CLANG_WARN_STRICT_PROTOTYPES = YES;
				CLANG_WARN_SUSPICIOUS_MOVE = YES;
				CLANG_WARN_UNGUARDED_AVAILABILITY = YES_AGGRESSIVE;
				CLANG_WARN_UNREACHABLE_CODE = YES;
				CLANG_WARN__DUPLICATE_METHOD_MATCH = YES;
				COPY_PHASE_STRIP = NO;
				DEBUG_INFORMATION_FORMAT = "dwarf-with-dsym";
				ENABLE_NS_ASSERTIONS = NO;
				ENABLE_STRICT_OBJC_MSGSEND = YES;
				GCC_C_LANGUAGE_STANDARD = gnu11;
				GCC_NO_COMMON_BLOCKS = YES;
				GCC_WARN_64_TO_32_BIT_CONVERSION = YES;
				GCC_WARN_ABOUT_RETURN_TYPE = YES_ERROR;
				GCC_WARN_UNDECLARED_SELECTOR = YES;
				GCC_WARN_UNINITIALIZED_AUTOS = YES_AGGRESSIVE;
				GCC_WARN_UNUSED_FUNCTION = YES;
				GCC_WARN_UNUSED_VARIABLE = YES;
				IPHONEOS_DEPLOYMENT_TARGET = 16.4;
				MTL_ENABLE_DEBUG_INFO = NO;
				MTL_FAST_MATH = YES;
				SDKROOT = iphoneos;
				SWIFT_COMPILATION_MODE = wholemodule;
				SWIFT_OPTIMIZATION_LEVEL = "-O";
				VALIDATE_PRODUCT = YES;
			};
			name = Release;
		};
		D167D2762A5C8C64001235DE /* Debug */ = {
			isa = XCBuildConfiguration;
			buildSettings = {
				ASSETCATALOG_COMPILER_APPICON_NAME = AppIcon;
				ASSETCATALOG_COMPILER_GLOBAL_ACCENT_COLOR_NAME = AccentColor;
				CODE_SIGN_STYLE = Automatic;
				CURRENT_PROJECT_VERSION = 1;
				DEVELOPMENT_TEAM = 64R8G8Z837;
				GENERATE_INFOPLIST_FILE = YES;
				INFOPLIST_FILE = "tableViewTraining/Supporting files/Info.plist";
				INFOPLIST_KEY_NSCameraUsageDescription = "camera use";
				INFOPLIST_KEY_UIApplicationSupportsIndirectInputEvents = YES;
				INFOPLIST_KEY_UILaunchStoryboardName = LaunchScreen;
				INFOPLIST_KEY_UIMainStoryboardFile = Main;
				INFOPLIST_KEY_UISupportedInterfaceOrientations = UIInterfaceOrientationPortrait;
				INFOPLIST_KEY_UISupportedInterfaceOrientations_iPad = "UIInterfaceOrientationLandscapeLeft UIInterfaceOrientationLandscapeRight UIInterfaceOrientationPortrait UIInterfaceOrientationPortraitUpsideDown";
				LD_RUNPATH_SEARCH_PATHS = (
					"$(inherited)",
					"@executable_path/Frameworks",
				);
				MARKETING_VERSION = 1.0;
				PRODUCT_BUNDLE_IDENTIFIER = RSusanna.tableViewTraining;
				PRODUCT_NAME = "$(TARGET_NAME)";
				SUPPORTED_PLATFORMS = "iphoneos iphonesimulator";
				SUPPORTS_MACCATALYST = NO;
				SUPPORTS_MAC_DESIGNED_FOR_IPHONE_IPAD = YES;
				SWIFT_EMIT_LOC_STRINGS = YES;
				SWIFT_VERSION = 5.0;
				TARGETED_DEVICE_FAMILY = 1;
			};
			name = Debug;
		};
		D167D2772A5C8C64001235DE /* Release */ = {
			isa = XCBuildConfiguration;
			buildSettings = {
				ASSETCATALOG_COMPILER_APPICON_NAME = AppIcon;
				ASSETCATALOG_COMPILER_GLOBAL_ACCENT_COLOR_NAME = AccentColor;
				CODE_SIGN_STYLE = Automatic;
				CURRENT_PROJECT_VERSION = 1;
				DEVELOPMENT_TEAM = 64R8G8Z837;
				GENERATE_INFOPLIST_FILE = YES;
				INFOPLIST_FILE = "tableViewTraining/Supporting files/Info.plist";
				INFOPLIST_KEY_NSCameraUsageDescription = "camera use";
				INFOPLIST_KEY_UIApplicationSupportsIndirectInputEvents = YES;
				INFOPLIST_KEY_UILaunchStoryboardName = LaunchScreen;
				INFOPLIST_KEY_UIMainStoryboardFile = Main;
				INFOPLIST_KEY_UISupportedInterfaceOrientations = UIInterfaceOrientationPortrait;
				INFOPLIST_KEY_UISupportedInterfaceOrientations_iPad = "UIInterfaceOrientationLandscapeLeft UIInterfaceOrientationLandscapeRight UIInterfaceOrientationPortrait UIInterfaceOrientationPortraitUpsideDown";
				LD_RUNPATH_SEARCH_PATHS = (
					"$(inherited)",
					"@executable_path/Frameworks",
				);
				MARKETING_VERSION = 1.0;
				PRODUCT_BUNDLE_IDENTIFIER = RSusanna.tableViewTraining;
				PRODUCT_NAME = "$(TARGET_NAME)";
				SUPPORTED_PLATFORMS = "iphoneos iphonesimulator";
				SUPPORTS_MACCATALYST = NO;
				SUPPORTS_MAC_DESIGNED_FOR_IPHONE_IPAD = YES;
				SWIFT_EMIT_LOC_STRINGS = YES;
				SWIFT_VERSION = 5.0;
				TARGETED_DEVICE_FAMILY = 1;
			};
			name = Release;
		};
/* End XCBuildConfiguration section */

/* Begin XCConfigurationList section */
		D167D25C2A5C8C62001235DE /* Build configuration list for PBXProject "tableViewTraining" */ = {
			isa = XCConfigurationList;
			buildConfigurations = (
				D167D2732A5C8C64001235DE /* Debug */,
				D167D2742A5C8C64001235DE /* Release */,
			);
			defaultConfigurationIsVisible = 0;
			defaultConfigurationName = Release;
		};
		D167D2752A5C8C64001235DE /* Build configuration list for PBXNativeTarget "tableViewTraining" */ = {
			isa = XCConfigurationList;
			buildConfigurations = (
				D167D2762A5C8C64001235DE /* Debug */,
				D167D2772A5C8C64001235DE /* Release */,
			);
			defaultConfigurationIsVisible = 0;
			defaultConfigurationName = Release;
		};
/* End XCConfigurationList section */
	};
	rootObject = D167D2592A5C8C62001235DE /* Project object */;
}
